
Microsoft Visual Studio Solution File, Format Version 12.00
# Visual Studio Version 17
VisualStudioVersion = 17.4.33213.308
MinimumVisualStudioVersion = 10.0.40219.1
Project("{8BC9CEB8-8B4A-11D0-8D11-00A0C91BC942}") = "algorithms", "algorithms\algorithms.vcxproj", "{44CD2C1D-035F-406E-9489-291EBD4D66CF}"
EndProject
Project("{8BC9CEB8-8B4A-11D0-8D11-00A0C91BC942}") = "exp", "exp\exp.vcxproj", "{D8A1614B-4AF2-495D-9BC1-7F9227EB81A1}"
EndProject
Global
	GlobalSection(SolutionConfigurationPlatforms) = preSolution
		Debug|x64 = Debug|x64
		Debug|x86 = Debug|x86
		Release|x64 = Release|x64
		Release|x86 = Release|x86
	EndGlobalSection
	GlobalSection(ProjectConfigurationPlatforms) = postSolution
		{44CD2C1D-035F-406E-9489-291EBD4D66CF}.Debug|x64.ActiveCfg = Debug|x64
		{44CD2C1D-035F-406E-9489-291EBD4D66CF}.Debug|x64.Build.0 = Debug|x64
		{44CD2C1D-035F-406E-9489-291EBD4D66CF}.Debug|x86.ActiveCfg = Debug|Win32
		{44CD2C1D-035F-406E-9489-291EBD4D66CF}.Debug|x86.Build.0 = Debug|Win32
		{44CD2C1D-035F-406E-9489-291EBD4D66CF}.Release|x64.ActiveCfg = Release|x64
		{44CD2C1D-035F-406E-9489-291EBD4D66CF}.Release|x64.Build.0 = Release|x64
		{44CD2C1D-035F-406E-9489-291EBD4D66CF}.Release|x86.ActiveCfg = Release|Win32
		{44CD2C1D-035F-406E-9489-291EBD4D66CF}.Release|x86.Build.0 = Release|Win32
		{D8A1614B-4AF2-495D-9BC1-7F9227EB81A1}.Debug|x64.ActiveCfg = Debug|x64
		{D8A1614B-4AF2-495D-9BC1-7F9227EB81A1}.Debug|x64.Build.0 = Debug|x64
		{D8A1614B-4AF2-495D-9BC1-7F9227EB81A1}.Debug|x86.ActiveCfg = Debug|Win32
		{D8A1614B-4AF2-495D-9BC1-7F9227EB81A1}.Debug|x86.Build.0 = Debug|Win32
		{D8A1614B-4AF2-495D-9BC1-7F9227EB81A1}.Release|x64.ActiveCfg = Release|x64
		{D8A1614B-4AF2-495D-9BC1-7F9227EB81A1}.Release|x64.Build.0 = Release|x64
		{D8A1614B-4AF2-495D-9BC1-7F9227EB81A1}.Release|x86.ActiveCfg = Release|Win32
		{D8A1614B-4AF2-495D-9BC1-7F9227EB81A1}.Release|x86.Build.0 = Release|Win32
	EndGlobalSection
	GlobalSection(SolutionProperties) = preSolution
		HideSolutionNode = FALSE
	EndGlobalSection
	GlobalSection(ExtensibilityGlobals) = postSolution
		SolutionGuid = {FCD5BFB2-BCDA-4E3B-8922-35A506BDC415}
	EndGlobalSection
EndGlobal
